
Microsoft Visual Studio Solution File, Format Version 12.00
# Visual Studio Version 17
VisualStudioVersion = 17.0.31912.275
MinimumVisualStudioVersion = 10.0.40219.1
Project("{F2A71F9B-5D33-465A-A702-920D77279786}") = "GuessingGameSharp", "GuessingGameSharp\GuessingGameSharp.fsproj", "{DDA09EC0-28EC-4EF7-A7C7-DF252E984DBD}"
EndProject
Global
	GlobalSection(SolutionConfigurationPlatforms) = preSolution
		Debug|Any CPU = Debug|Any CPU
		Release|Any CPU = Release|Any CPU
	EndGlobalSection
	GlobalSection(ProjectConfigurationPlatforms) = postSolution
		{DDA09EC0-28EC-4EF7-A7C7-DF252E984DBD}.Debug|Any CPU.ActiveCfg = Debug|Any CPU
		{DDA09EC0-28EC-4EF7-A7C7-DF252E984DBD}.Debug|Any CPU.Build.0 = Debug|Any CPU
		{DDA09EC0-28EC-4EF7-A7C7-DF252E984DBD}.Release|Any CPU.ActiveCfg = Release|Any CPU
		{DDA09EC0-28EC-4EF7-A7C7-DF252E984DBD}.Release|Any CPU.Build.0 = Release|Any CPU
	EndGlobalSection
	GlobalSection(SolutionProperties) = preSolution
		HideSolutionNode = FALSE
	EndGlobalSection
	GlobalSection(ExtensibilityGlobals) = postSolution
		SolutionGuid = {A240FD4D-34A4-4218-9F0B-13CC503B3445}
	EndGlobalSection
EndGlobal
